// !$*UTF8*$!
{
	archiveVersion = 1;
	classes = {
	};
	objectVersion = 46;
	objects = {

/* Begin PBXBuildFile section */
		4C01363F1704011C006A597D /* fake-data.json in Resources */ = {isa = PBXBuildFile; fileRef = 4C01363E1704011C006A597D /* fake-data.json */; };
		4C0B0065172797D10017CCF7 /* KMMainVC.m in Sources */ = {isa = PBXBuildFile; fileRef = 4CD11A8816F7A3D600FC5FB4 /* KMMainVC.m */; };
		4C0D39341700A3CD00A7EA19 /* KMWeather.m in Sources */ = {isa = PBXBuildFile; fileRef = 4C0D39331700A3CD00A7EA19 /* KMWeather.m */; };
		4C346E591732E814002E3CCC /* raining.png in Resources */ = {isa = PBXBuildFile; fileRef = 4C346E581732E814002E3CCC /* raining.png */; };
		4C786C041731DC3700CAAA64 /* cloudy.png in Resources */ = {isa = PBXBuildFile; fileRef = 4C786BF81731DC3700CAAA64 /* cloudy.png */; };
		4C786C051731DC3700CAAA64 /* cloudy.xcf in Resources */ = {isa = PBXBuildFile; fileRef = 4C786BF91731DC3700CAAA64 /* cloudy.xcf */; };
		4C786C061731DC3700CAAA64 /* night.png in Resources */ = {isa = PBXBuildFile; fileRef = 4C786BFA1731DC3700CAAA64 /* night.png */; };
		4C786C071731DC3700CAAA64 /* night.xcf in Resources */ = {isa = PBXBuildFile; fileRef = 4C786BFB1731DC3700CAAA64 /* night.xcf */; };
		4C786C081731DC3700CAAA64 /* partlycloudy.png in Resources */ = {isa = PBXBuildFile; fileRef = 4C786BFC1731DC3700CAAA64 /* partlycloudy.png */; };
		4C786C091731DC3700CAAA64 /* partlycloudy.xcf in Resources */ = {isa = PBXBuildFile; fileRef = 4C786BFD1731DC3700CAAA64 /* partlycloudy.xcf */; };
		4C786C0B1731DC3700CAAA64 /* raining.xcf in Resources */ = {isa = PBXBuildFile; fileRef = 4C786BFF1731DC3700CAAA64 /* raining.xcf */; };
		4C786C0C1731DC3700CAAA64 /* snow.png in Resources */ = {isa = PBXBuildFile; fileRef = 4C786C001731DC3700CAAA64 /* snow.png */; };
		4C786C0D1731DC3700CAAA64 /* snow.xcf in Resources */ = {isa = PBXBuildFile; fileRef = 4C786C011731DC3700CAAA64 /* snow.xcf */; };
		4C786C0E1731DC3700CAAA64 /* sunny.png in Resources */ = {isa = PBXBuildFile; fileRef = 4C786C021731DC3700CAAA64 /* sunny.png */; };
		4C786C0F1731DC3700CAAA64 /* sunny.xcf in Resources */ = {isa = PBXBuildFile; fileRef = 4C786C031731DC3700CAAA64 /* sunny.xcf */; };
		4C786C1117320FA700CAAA64 /* QuartzCore.framework in Frameworks */ = {isa = PBXBuildFile; fileRef = 4C786C1017320FA700CAAA64 /* QuartzCore.framework */; };
		4CD11A4A16F7A15000FC5FB4 /* UIKit.framework in Frameworks */ = {isa = PBXBuildFile; fileRef = 4CD11A4916F7A15000FC5FB4 /* UIKit.framework */; };
		4CD11A4C16F7A15000FC5FB4 /* Foundation.framework in Frameworks */ = {isa = PBXBuildFile; fileRef = 4CD11A4B16F7A15000FC5FB4 /* Foundation.framework */; };
		4CD11A4E16F7A15000FC5FB4 /* CoreGraphics.framework in Frameworks */ = {isa = PBXBuildFile; fileRef = 4CD11A4D16F7A15000FC5FB4 /* CoreGraphics.framework */; };
		4CD11A5416F7A15000FC5FB4 /* InfoPlist.strings in Resources */ = {isa = PBXBuildFile; fileRef = 4CD11A5216F7A15000FC5FB4 /* InfoPlist.strings */; };
		4CD11A5616F7A15000FC5FB4 /* main.m in Sources */ = {isa = PBXBuildFile; fileRef = 4CD11A5516F7A15000FC5FB4 /* main.m */; };
		4CD11A5A16F7A15000FC5FB4 /* HW5AppDelegate.m in Sources */ = {isa = PBXBuildFile; fileRef = 4CD11A5916F7A15000FC5FB4 /* HW5AppDelegate.m */; };
		4CD11A5C16F7A15000FC5FB4 /* Default.png in Resources */ = {isa = PBXBuildFile; fileRef = 4CD11A5B16F7A15000FC5FB4 /* Default.png */; };
		4CD11A5E16F7A15000FC5FB4 /* Default@2x.png in Resources */ = {isa = PBXBuildFile; fileRef = 4CD11A5D16F7A15000FC5FB4 /* Default@2x.png */; };
		4CD11A6016F7A15000FC5FB4 /* Default-568h@2x.png in Resources */ = {isa = PBXBuildFile; fileRef = 4CD11A5F16F7A15000FC5FB4 /* Default-568h@2x.png */; };
		4CD11A6316F7A15000FC5FB4 /* MainStoryboard.storyboard in Resources */ = {isa = PBXBuildFile; fileRef = 4CD11A6116F7A15000FC5FB4 /* MainStoryboard.storyboard */; };
		4CD11A6E16F7A15000FC5FB4 /* SenTestingKit.framework in Frameworks */ = {isa = PBXBuildFile; fileRef = 4CD11A6D16F7A15000FC5FB4 /* SenTestingKit.framework */; };
		4CD11A6F16F7A15000FC5FB4 /* UIKit.framework in Frameworks */ = {isa = PBXBuildFile; fileRef = 4CD11A4916F7A15000FC5FB4 /* UIKit.framework */; };
		4CD11A7016F7A15000FC5FB4 /* Foundation.framework in Frameworks */ = {isa = PBXBuildFile; fileRef = 4CD11A4B16F7A15000FC5FB4 /* Foundation.framework */; };
		4CD11A7816F7A15000FC5FB4 /* InfoPlist.strings in Resources */ = {isa = PBXBuildFile; fileRef = 4CD11A7616F7A15000FC5FB4 /* InfoPlist.strings */; };
		4CD11A7B16F7A15000FC5FB4 /* WeatherApp_iPhoneTests.m in Sources */ = {isa = PBXBuildFile; fileRef = 4CD11A7A16F7A15000FC5FB4 /* WeatherApp_iPhoneTests.m */; };
		4CD11BA916F7A7B800FC5FB4 /* KMCollectionCell.m in Sources */ = {isa = PBXBuildFile; fileRef = 4CD11BA816F7A7B800FC5FB4 /* KMCollectionCell.m */; };
/* End PBXBuildFile section */

/* Begin PBXContainerItemProxy section */
		4CD11A7116F7A15000FC5FB4 /* PBXContainerItemProxy */ = {
			isa = PBXContainerItemProxy;
			containerPortal = 4CD11A3E16F7A15000FC5FB4 /* Project object */;
			proxyType = 1;
			remoteGlobalIDString = 4CD11A4516F7A15000FC5FB4;
			remoteInfo = WeatherApp_iPhone;
		};
/* End PBXContainerItemProxy section */

/* Begin PBXFileReference section */
		4C01363E1704011C006A597D /* fake-data.json */ = {isa = PBXFileReference; fileEncoding = 4; lastKnownFileType = text.json; path = "fake-data.json"; sourceTree = "<group>"; };
		4C0D39321700A3CD00A7EA19 /* KMWeather.h */ = {isa = PBXFileReference; fileEncoding = 4; lastKnownFileType = sourcecode.c.h; path = KMWeather.h; sourceTree = "<group>"; };
		4C0D39331700A3CD00A7EA19 /* KMWeather.m */ = {isa = PBXFileReference; fileEncoding = 4; lastKnownFileType = sourcecode.c.objc; path = KMWeather.m; sourceTree = "<group>"; };
		4C346E581732E814002E3CCC /* raining.png */ = {isa = PBXFileReference; lastKnownFileType = image.png; path = raining.png; sourceTree = "<group>"; };
		4C786BF81731DC3700CAAA64 /* cloudy.png */ = {isa = PBXFileReference; lastKnownFileType = image.png; path = cloudy.png; sourceTree = "<group>"; };
		4C786BF91731DC3700CAAA64 /* cloudy.xcf */ = {isa = PBXFileReference; lastKnownFileType = file; path = cloudy.xcf; sourceTree = "<group>"; };
		4C786BFA1731DC3700CAAA64 /* night.png */ = {isa = PBXFileReference; lastKnownFileType = image.png; path = night.png; sourceTree = "<group>"; };
		4C786BFB1731DC3700CAAA64 /* night.xcf */ = {isa = PBXFileReference; lastKnownFileType = file; path = night.xcf; sourceTree = "<group>"; };
		4C786BFC1731DC3700CAAA64 /* partlycloudy.png */ = {isa = PBXFileReference; lastKnownFileType = image.png; path = partlycloudy.png; sourceTree = "<group>"; };
		4C786BFD1731DC3700CAAA64 /* partlycloudy.xcf */ = {isa = PBXFileReference; lastKnownFileType = file; path = partlycloudy.xcf; sourceTree = "<group>"; };
		4C786BFF1731DC3700CAAA64 /* raining.xcf */ = {isa = PBXFileReference; lastKnownFileType = file; path = raining.xcf; sourceTree = "<group>"; };
		4C786C001731DC3700CAAA64 /* snow.png */ = {isa = PBXFileReference; lastKnownFileType = image.png; path = snow.png; sourceTree = "<group>"; };
		4C786C011731DC3700CAAA64 /* snow.xcf */ = {isa = PBXFileReference; lastKnownFileType = file; path = snow.xcf; sourceTree = "<group>"; };
		4C786C021731DC3700CAAA64 /* sunny.png */ = {isa = PBXFileReference; lastKnownFileType = image.png; path = sunny.png; sourceTree = "<group>"; };
		4C786C031731DC3700CAAA64 /* sunny.xcf */ = {isa = PBXFileReference; lastKnownFileType = file; path = sunny.xcf; sourceTree = "<group>"; };
		4C786C1017320FA700CAAA64 /* QuartzCore.framework */ = {isa = PBXFileReference; lastKnownFileType = wrapper.framework; name = QuartzCore.framework; path = System/Library/Frameworks/QuartzCore.framework; sourceTree = SDKROOT; };
		4CD11A4616F7A15000FC5FB4 /* WeatherApp_iPhone.app */ = {isa = PBXFileReference; explicitFileType = wrapper.application; includeInIndex = 0; path = WeatherApp_iPhone.app; sourceTree = BUILT_PRODUCTS_DIR; };
		4CD11A4916F7A15000FC5FB4 /* UIKit.framework */ = {isa = PBXFileReference; lastKnownFileType = wrapper.framework; name = UIKit.framework; path = System/Library/Frameworks/UIKit.framework; sourceTree = SDKROOT; };
		4CD11A4B16F7A15000FC5FB4 /* Foundation.framework */ = {isa = PBXFileReference; lastKnownFileType = wrapper.framework; name = Foundation.framework; path = System/Library/Frameworks/Foundation.framework; sourceTree = SDKROOT; };
		4CD11A4D16F7A15000FC5FB4 /* CoreGraphics.framework */ = {isa = PBXFileReference; lastKnownFileType = wrapper.framework; name = CoreGraphics.framework; path = System/Library/Frameworks/CoreGraphics.framework; sourceTree = SDKROOT; };
		4CD11A5116F7A15000FC5FB4 /* WeatherApp_iPhone-Info.plist */ = {isa = PBXFileReference; lastKnownFileType = text.plist.xml; path = "WeatherApp_iPhone-Info.plist"; sourceTree = "<group>"; };
		4CD11A5316F7A15000FC5FB4 /* en */ = {isa = PBXFileReference; lastKnownFileType = text.plist.strings; name = en; path = en.lproj/InfoPlist.strings; sourceTree = "<group>"; };
		4CD11A5516F7A15000FC5FB4 /* main.m */ = {isa = PBXFileReference; lastKnownFileType = sourcecode.c.objc; path = main.m; sourceTree = "<group>"; };
		4CD11A5716F7A15000FC5FB4 /* WeatherApp_iPhone-Prefix.pch */ = {isa = PBXFileReference; lastKnownFileType = sourcecode.c.h; path = "WeatherApp_iPhone-Prefix.pch"; sourceTree = "<group>"; };
		4CD11A5816F7A15000FC5FB4 /* HW5AppDelegate.h */ = {isa = PBXFileReference; lastKnownFileType = sourcecode.c.h; path = HW5AppDelegate.h; sourceTree = "<group>"; };
		4CD11A5916F7A15000FC5FB4 /* HW5AppDelegate.m */ = {isa = PBXFileReference; lastKnownFileType = sourcecode.c.objc; path = HW5AppDelegate.m; sourceTree = "<group>"; };
		4CD11A5B16F7A15000FC5FB4 /* Default.png */ = {isa = PBXFileReference; lastKnownFileType = image.png; path = Default.png; sourceTree = "<group>"; };
		4CD11A5D16F7A15000FC5FB4 /* Default@2x.png */ = {isa = PBXFileReference; lastKnownFileType = image.png; path = "Default@2x.png"; sourceTree = "<group>"; };
		4CD11A5F16F7A15000FC5FB4 /* Default-568h@2x.png */ = {isa = PBXFileReference; lastKnownFileType = image.png; path = "Default-568h@2x.png"; sourceTree = "<group>"; };
		4CD11A6216F7A15000FC5FB4 /* en */ = {isa = PBXFileReference; lastKnownFileType = file.storyboard; name = en; path = en.lproj/MainStoryboard.storyboard; sourceTree = "<group>"; };
		4CD11A6C16F7A15000FC5FB4 /* WeatherApp_iPhoneTests.octest */ = {isa = PBXFileReference; explicitFileType = wrapper.cfbundle; includeInIndex = 0; path = WeatherApp_iPhoneTests.octest; sourceTree = BUILT_PRODUCTS_DIR; };
		4CD11A6D16F7A15000FC5FB4 /* SenTestingKit.framework */ = {isa = PBXFileReference; lastKnownFileType = wrapper.framework; name = SenTestingKit.framework; path = Library/Frameworks/SenTestingKit.framework; sourceTree = DEVELOPER_DIR; };
		4CD11A7516F7A15000FC5FB4 /* WeatherApp_iPhoneTests-Info.plist */ = {isa = PBXFileReference; lastKnownFileType = text.plist.xml; path = "WeatherApp_iPhoneTests-Info.plist"; sourceTree = "<group>"; };
		4CD11A7716F7A15000FC5FB4 /* en */ = {isa = PBXFileReference; lastKnownFileType = text.plist.strings; name = en; path = en.lproj/InfoPlist.strings; sourceTree = "<group>"; };
		4CD11A7916F7A15000FC5FB4 /* WeatherApp_iPhoneTests.h */ = {isa = PBXFileReference; lastKnownFileType = sourcecode.c.h; path = WeatherApp_iPhoneTests.h; sourceTree = "<group>"; };
		4CD11A7A16F7A15000FC5FB4 /* WeatherApp_iPhoneTests.m */ = {isa = PBXFileReference; lastKnownFileType = sourcecode.c.objc; path = WeatherApp_iPhoneTests.m; sourceTree = "<group>"; };
		4CD11A8716F7A3D600FC5FB4 /* KMMainVC.h */ = {isa = PBXFileReference; fileEncoding = 4; lastKnownFileType = sourcecode.c.h; path = KMMainVC.h; sourceTree = "<group>"; };
		4CD11A8816F7A3D600FC5FB4 /* KMMainVC.m */ = {isa = PBXFileReference; fileEncoding = 4; lastKnownFileType = sourcecode.c.objc; path = KMMainVC.m; sourceTree = "<group>"; };
		4CD11BA716F7A7B800FC5FB4 /* KMCollectionCell.h */ = {isa = PBXFileReference; fileEncoding = 4; lastKnownFileType = sourcecode.c.h; path = KMCollectionCell.h; sourceTree = "<group>"; };
		4CD11BA816F7A7B800FC5FB4 /* KMCollectionCell.m */ = {isa = PBXFileReference; fileEncoding = 4; lastKnownFileType = sourcecode.c.objc; path = KMCollectionCell.m; sourceTree = "<group>"; };
/* End PBXFileReference section */

/* Begin PBXFrameworksBuildPhase section */
		4CD11A4316F7A15000FC5FB4 /* Frameworks */ = {
			isa = PBXFrameworksBuildPhase;
			buildActionMask = 2147483647;
			files = (
				4C786C1117320FA700CAAA64 /* QuartzCore.framework in Frameworks */,
				4CD11A4A16F7A15000FC5FB4 /* UIKit.framework in Frameworks */,
				4CD11A4C16F7A15000FC5FB4 /* Foundation.framework in Frameworks */,
				4CD11A4E16F7A15000FC5FB4 /* CoreGraphics.framework in Frameworks */,
			);
			runOnlyForDeploymentPostprocessing = 0;
		};
		4CD11A6816F7A15000FC5FB4 /* Frameworks */ = {
			isa = PBXFrameworksBuildPhase;
			buildActionMask = 2147483647;
			files = (
				4CD11A6E16F7A15000FC5FB4 /* SenTestingKit.framework in Frameworks */,
				4CD11A6F16F7A15000FC5FB4 /* UIKit.framework in Frameworks */,
				4CD11A7016F7A15000FC5FB4 /* Foundation.framework in Frameworks */,
			);
			runOnlyForDeploymentPostprocessing = 0;
		};
/* End PBXFrameworksBuildPhase section */

/* Begin PBXGroup section */
		4C786BF71731DC3700CAAA64 /* images */ = {
			isa = PBXGroup;
			children = (
				4C786BF81731DC3700CAAA64 /* cloudy.png */,
				4C346E581732E814002E3CCC /* raining.png */,
				4C786BF91731DC3700CAAA64 /* cloudy.xcf */,
				4C786BFA1731DC3700CAAA64 /* night.png */,
				4C786BFB1731DC3700CAAA64 /* night.xcf */,
				4C786BFC1731DC3700CAAA64 /* partlycloudy.png */,
				4C786BFD1731DC3700CAAA64 /* partlycloudy.xcf */,
				4C786BFF1731DC3700CAAA64 /* raining.xcf */,
				4C786C001731DC3700CAAA64 /* snow.png */,
				4C786C011731DC3700CAAA64 /* snow.xcf */,
				4C786C021731DC3700CAAA64 /* sunny.png */,
				4C786C031731DC3700CAAA64 /* sunny.xcf */,
			);
			path = images;
			sourceTree = "<group>";
		};
		4CD11A3D16F7A15000FC5FB4 = {
			isa = PBXGroup;
			children = (
				4C786C1017320FA700CAAA64 /* QuartzCore.framework */,
				4CD11A4F16F7A15000FC5FB4 /* WeatherApp_iPhone */,
				4CD11A7316F7A15000FC5FB4 /* WeatherApp_iPhoneTests */,
				4CD11A4816F7A15000FC5FB4 /* Frameworks */,
				4CD11A4716F7A15000FC5FB4 /* Products */,
			);
			sourceTree = "<group>";
		};
		4CD11A4716F7A15000FC5FB4 /* Products */ = {
			isa = PBXGroup;
			children = (
				4CD11A4616F7A15000FC5FB4 /* WeatherApp_iPhone.app */,
				4CD11A6C16F7A15000FC5FB4 /* WeatherApp_iPhoneTests.octest */,
			);
			name = Products;
			sourceTree = "<group>";
		};
		4CD11A4816F7A15000FC5FB4 /* Frameworks */ = {
			isa = PBXGroup;
			children = (
				4CD11A4916F7A15000FC5FB4 /* UIKit.framework */,
				4CD11A4B16F7A15000FC5FB4 /* Foundation.framework */,
				4CD11A4D16F7A15000FC5FB4 /* CoreGraphics.framework */,
				4CD11A6D16F7A15000FC5FB4 /* SenTestingKit.framework */,
			);
			name = Frameworks;
			sourceTree = "<group>";
		};
		4CD11A4F16F7A15000FC5FB4 /* WeatherApp_iPhone */ = {
			isa = PBXGroup;
			children = (
				4CD11A5816F7A15000FC5FB4 /* HW5AppDelegate.h */,
				4CD11A5916F7A15000FC5FB4 /* HW5AppDelegate.m */,
				4CD11A6116F7A15000FC5FB4 /* MainStoryboard.storyboard */,
				4CD11A8716F7A3D600FC5FB4 /* KMMainVC.h */,
				4CD11A8816F7A3D600FC5FB4 /* KMMainVC.m */,
				4C0D39321700A3CD00A7EA19 /* KMWeather.h */,
				4C0D39331700A3CD00A7EA19 /* KMWeather.m */,
				4CD11BA716F7A7B800FC5FB4 /* KMCollectionCell.h */,
				4CD11BA816F7A7B800FC5FB4 /* KMCollectionCell.m */,
				4C786BF71731DC3700CAAA64 /* images */,
				4CD11A5016F7A15000FC5FB4 /* Supporting Files */,
			);
			path = WeatherApp_iPhone;
			sourceTree = "<group>";
		};
		4CD11A5016F7A15000FC5FB4 /* Supporting Files */ = {
			isa = PBXGroup;
			children = (
				4C01363E1704011C006A597D /* fake-data.json */,
				4CD11A5116F7A15000FC5FB4 /* WeatherApp_iPhone-Info.plist */,
				4CD11A5216F7A15000FC5FB4 /* InfoPlist.strings */,
				4CD11A5516F7A15000FC5FB4 /* main.m */,
				4CD11A5716F7A15000FC5FB4 /* WeatherApp_iPhone-Prefix.pch */,
				4CD11A5B16F7A15000FC5FB4 /* Default.png */,
				4CD11A5D16F7A15000FC5FB4 /* Default@2x.png */,
				4CD11A5F16F7A15000FC5FB4 /* Default-568h@2x.png */,
			);
			name = "Supporting Files";
			sourceTree = "<group>";
		};
		4CD11A7316F7A15000FC5FB4 /* WeatherApp_iPhoneTests */ = {
			isa = PBXGroup;
			children = (
				4CD11A7916F7A15000FC5FB4 /* WeatherApp_iPhoneTests.h */,
				4CD11A7A16F7A15000FC5FB4 /* WeatherApp_iPhoneTests.m */,
				4CD11A7416F7A15000FC5FB4 /* Supporting Files */,
			);
			path = WeatherApp_iPhoneTests;
			sourceTree = "<group>";
		};
		4CD11A7416F7A15000FC5FB4 /* Supporting Files */ = {
			isa = PBXGroup;
			children = (
				4CD11A7516F7A15000FC5FB4 /* WeatherApp_iPhoneTests-Info.plist */,
				4CD11A7616F7A15000FC5FB4 /* InfoPlist.strings */,
			);
			name = "Supporting Files";
			sourceTree = "<group>";
		};
/* End PBXGroup section */

/* Begin PBXNativeTarget section */
		4CD11A4516F7A15000FC5FB4 /* WeatherApp_iPhone */ = {
			isa = PBXNativeTarget;
			buildConfigurationList = 4CD11A7E16F7A15000FC5FB4 /* Build configuration list for PBXNativeTarget "WeatherApp_iPhone" */;
			buildPhases = (
				4CD11A4216F7A15000FC5FB4 /* Sources */,
				4CD11A4316F7A15000FC5FB4 /* Frameworks */,
				4CD11A4416F7A15000FC5FB4 /* Resources */,
			);
			buildRules = (
			);
			dependencies = (
			);
			name = WeatherApp_iPhone;
			productName = WeatherApp_iPhone;
			productReference = 4CD11A4616F7A15000FC5FB4 /* WeatherApp_iPhone.app */;
			productType = "com.apple.product-type.application";
		};
		4CD11A6B16F7A15000FC5FB4 /* WeatherApp_iPhoneTests */ = {
			isa = PBXNativeTarget;
			buildConfigurationList = 4CD11A8116F7A15000FC5FB4 /* Build configuration list for PBXNativeTarget "WeatherApp_iPhoneTests" */;
			buildPhases = (
				4CD11A6716F7A15000FC5FB4 /* Sources */,
				4CD11A6816F7A15000FC5FB4 /* Frameworks */,
				4CD11A6916F7A15000FC5FB4 /* Resources */,
				4CD11A6A16F7A15000FC5FB4 /* ShellScript */,
			);
			buildRules = (
			);
			dependencies = (
				4CD11A7216F7A15000FC5FB4 /* PBXTargetDependency */,
			);
			name = WeatherApp_iPhoneTests;
			productName = WeatherApp_iPhoneTests;
			productReference = 4CD11A6C16F7A15000FC5FB4 /* WeatherApp_iPhoneTests.octest */;
			productType = "com.apple.product-type.bundle";
		};
/* End PBXNativeTarget section */

/* Begin PBXProject section */
		4CD11A3E16F7A15000FC5FB4 /* Project object */ = {
			isa = PBXProject;
			attributes = {
				CLASSPREFIX = HW5;
				LastUpgradeCheck = 0460;
				ORGANIZATIONNAME = "Kraig McKernan";
			};
			buildConfigurationList = 4CD11A4116F7A15000FC5FB4 /* Build configuration list for PBXProject "WeatherApp_iPhone" */;
			compatibilityVersion = "Xcode 3.2";
			developmentRegion = English;
			hasScannedForEncodings = 0;
			knownRegions = (
				en,
			);
			mainGroup = 4CD11A3D16F7A15000FC5FB4;
			productRefGroup = 4CD11A4716F7A15000FC5FB4 /* Products */;
			projectDirPath = "";
			projectRoot = "";
			targets = (
				4CD11A4516F7A15000FC5FB4 /* WeatherApp_iPhone */,
				4CD11A6B16F7A15000FC5FB4 /* WeatherApp_iPhoneTests */,
			);
		};
/* End PBXProject section */

/* Begin PBXResourcesBuildPhase section */
		4CD11A4416F7A15000FC5FB4 /* Resources */ = {
			isa = PBXResourcesBuildPhase;
			buildActionMask = 2147483647;
			files = (
				4CD11A5416F7A15000FC5FB4 /* InfoPlist.strings in Resources */,
				4CD11A5C16F7A15000FC5FB4 /* Default.png in Resources */,
				4CD11A5E16F7A15000FC5FB4 /* Default@2x.png in Resources */,
				4CD11A6016F7A15000FC5FB4 /* Default-568h@2x.png in Resources */,
				4CD11A6316F7A15000FC5FB4 /* MainStoryboard.storyboard in Resources */,
				4C01363F1704011C006A597D /* fake-data.json in Resources */,
				4C786C041731DC3700CAAA64 /* cloudy.png in Resources */,
				4C786C051731DC3700CAAA64 /* cloudy.xcf in Resources */,
				4C786C061731DC3700CAAA64 /* night.png in Resources */,
				4C786C071731DC3700CAAA64 /* night.xcf in Resources */,
				4C786C081731DC3700CAAA64 /* partlycloudy.png in Resources */,
				4C786C091731DC3700CAAA64 /* partlycloudy.xcf in Resources */,
				4C786C0B1731DC3700CAAA64 /* raining.xcf in Resources */,
				4C786C0C1731DC3700CAAA64 /* snow.png in Resources */,
				4C786C0D1731DC3700CAAA64 /* snow.xcf in Resources */,
				4C786C0E1731DC3700CAAA64 /* sunny.png in Resources */,
				4C786C0F1731DC3700CAAA64 /* sunny.xcf in Resources */,
				4C346E591732E814002E3CCC /* raining.png in Resources */,
			);
			runOnlyForDeploymentPostprocessing = 0;
		};
		4CD11A6916F7A15000FC5FB4 /* Resources */ = {
			isa = PBXResourcesBuildPhase;
			buildActionMask = 2147483647;
			files = (
				4CD11A7816F7A15000FC5FB4 /* InfoPlist.strings in Resources */,
			);
			runOnlyForDeploymentPostprocessing = 0;
		};
/* End PBXResourcesBuildPhase section */

/* Begin PBXShellScriptBuildPhase section */
		4CD11A6A16F7A15000FC5FB4 /* ShellScript */ = {
			isa = PBXShellScriptBuildPhase;
			buildActionMask = 2147483647;
			files = (
			);
			inputPaths = (
			);
			outputPaths = (
			);
			runOnlyForDeploymentPostprocessing = 0;
			shellPath = /bin/sh;
			shellScript = "# Run the unit tests in this test bundle.\n\"${SYSTEM_DEVELOPER_DIR}/Tools/RunUnitTests\"\n";
		};
/* End PBXShellScriptBuildPhase section */

/* Begin PBXSourcesBuildPhase section */
		4CD11A4216F7A15000FC5FB4 /* Sources */ = {
			isa = PBXSourcesBuildPhase;
			buildActionMask = 2147483647;
			files = (
				4CD11A5616F7A15000FC5FB4 /* main.m in Sources */,
				4CD11A5A16F7A15000FC5FB4 /* HW5AppDelegate.m in Sources */,
				4CD11BA916F7A7B800FC5FB4 /* KMCollectionCell.m in Sources */,
				4C0D39341700A3CD00A7EA19 /* KMWeather.m in Sources */,
				4C0B0065172797D10017CCF7 /* KMMainVC.m in Sources */,
			);
			runOnlyForDeploymentPostprocessing = 0;
		};
		4CD11A6716F7A15000FC5FB4 /* Sources */ = {
			isa = PBXSourcesBuildPhase;
			buildActionMask = 2147483647;
			files = (
				4CD11A7B16F7A15000FC5FB4 /* WeatherApp_iPhoneTests.m in Sources */,
			);
			runOnlyForDeploymentPostprocessing = 0;
		};
/* End PBXSourcesBuildPhase section */

/* Begin PBXTargetDependency section */
		4CD11A7216F7A15000FC5FB4 /* PBXTargetDependency */ = {
			isa = PBXTargetDependency;
			target = 4CD11A4516F7A15000FC5FB4 /* WeatherApp_iPhone */;
			targetProxy = 4CD11A7116F7A15000FC5FB4 /* PBXContainerItemProxy */;
		};
/* End PBXTargetDependency section */

/* Begin PBXVariantGroup section */
		4CD11A5216F7A15000FC5FB4 /* InfoPlist.strings */ = {
			isa = PBXVariantGroup;
			children = (
				4CD11A5316F7A15000FC5FB4 /* en */,
			);
			name = InfoPlist.strings;
			sourceTree = "<group>";
		};
		4CD11A6116F7A15000FC5FB4 /* MainStoryboard.storyboard */ = {
			isa = PBXVariantGroup;
			children = (
				4CD11A6216F7A15000FC5FB4 /* en */,
			);
			name = MainStoryboard.storyboard;
			sourceTree = "<group>";
		};
		4CD11A7616F7A15000FC5FB4 /* InfoPlist.strings */ = {
			isa = PBXVariantGroup;
			children = (
				4CD11A7716F7A15000FC5FB4 /* en */,
			);
			name = InfoPlist.strings;
			sourceTree = "<group>";
		};
/* End PBXVariantGroup section */

/* Begin XCBuildConfiguration section */
		4CD11A7C16F7A15000FC5FB4 /* Debug */ = {
			isa = XCBuildConfiguration;
			buildSettings = {
				ALWAYS_SEARCH_USER_PATHS = NO;
				CLANG_CXX_LANGUAGE_STANDARD = "gnu++0x";
				CLANG_CXX_LIBRARY = "libc++";
				CLANG_ENABLE_OBJC_ARC = YES;
				CLANG_WARN_CONSTANT_CONVERSION = YES;
				CLANG_WARN_EMPTY_BODY = YES;
				CLANG_WARN_ENUM_CONVERSION = YES;
				CLANG_WARN_INT_CONVERSION = YES;
				CLANG_WARN__DUPLICATE_METHOD_MATCH = YES;
				"CODE_SIGN_IDENTITY[sdk=iphoneos*]" = "iPhone Developer";
				COPY_PHASE_STRIP = NO;
				GCC_C_LANGUAGE_STANDARD = gnu99;
				GCC_DYNAMIC_NO_PIC = NO;
				GCC_OPTIMIZATION_LEVEL = 0;
				GCC_PREPROCESSOR_DEFINITIONS = (
					"DEBUG=1",
					"$(inherited)",
				);
				GCC_SYMBOLS_PRIVATE_EXTERN = NO;
				GCC_WARN_ABOUT_RETURN_TYPE = YES;
				GCC_WARN_UNINITIALIZED_AUTOS = YES;
				GCC_WARN_UNUSED_VARIABLE = YES;
				IPHONEOS_DEPLOYMENT_TARGET = 6.1;
				ONLY_ACTIVE_ARCH = YES;
				SDKROOT = iphoneos;
			};
			name = Debug;
		};
		4CD11A7D16F7A15000FC5FB4 /* Release */ = {
			isa = XCBuildConfiguration;
			buildSettings = {
				ALWAYS_SEARCH_USER_PATHS = NO;
				CLANG_CXX_LANGUAGE_STANDARD = "gnu++0x";
				CLANG_CXX_LIBRARY = "libc++";
				CLANG_ENABLE_OBJC_ARC = YES;
				CLANG_WARN_CONSTANT_CONVERSION = YES;
				CLANG_WARN_EMPTY_BODY = YES;
				CLANG_WARN_ENUM_CONVERSION = YES;
				CLANG_WARN_INT_CONVERSION = YES;
				CLANG_WARN__DUPLICATE_METHOD_MATCH = YES;
				"CODE_SIGN_IDENTITY[sdk=iphoneos*]" = "iPhone Developer";
				COPY_PHASE_STRIP = YES;
				GCC_C_LANGUAGE_STANDARD = gnu99;
				GCC_WARN_ABOUT_RETURN_TYPE = YES;
				GCC_WARN_UNINITIALIZED_AUTOS = YES;
				GCC_WARN_UNUSED_VARIABLE = YES;
				IPHONEOS_DEPLOYMENT_TARGET = 6.1;
				OTHER_CFLAGS = "-DNS_BLOCK_ASSERTIONS=1";
				SDKROOT = iphoneos;
				VALIDATE_PRODUCT = YES;
			};
			name = Release;
		};
		4CD11A7F16F7A15000FC5FB4 /* Debug */ = {
			isa = XCBuildConfiguration;
			buildSettings = {
				GCC_PRECOMPILE_PREFIX_HEADER = YES;
				GCC_PREFIX_HEADER = "WeatherApp_iPhone/WeatherApp_iPhone-Prefix.pch";
				INFOPLIST_FILE = "WeatherApp_iPhone/WeatherApp_iPhone-Info.plist";
				PRODUCT_NAME = "$(TARGET_NAME)";
				WRAPPER_EXTENSION = app;
			};
			name = Debug;
		};
		4CD11A8016F7A15000FC5FB4 /* Release */ = {
			isa = XCBuildConfiguration;
			buildSettings = {
				GCC_PRECOMPILE_PREFIX_HEADER = YES;
				GCC_PREFIX_HEADER = "WeatherApp_iPhone/WeatherApp_iPhone-Prefix.pch";
				INFOPLIST_FILE = "WeatherApp_iPhone/WeatherApp_iPhone-Info.plist";
				PRODUCT_NAME = "$(TARGET_NAME)";
				WRAPPER_EXTENSION = app;
			};
			name = Release;
		};
		4CD11A8216F7A15000FC5FB4 /* Debug */ = {
			isa = XCBuildConfiguration;
			buildSettings = {
				BUNDLE_LOADER = "$(BUILT_PRODUCTS_DIR)/WeatherApp_iPhone.app/WeatherApp_iPhone";
				FRAMEWORK_SEARCH_PATHS = (
					"\"$(SDKROOT)/Developer/Library/Frameworks\"",
					"\"$(DEVELOPER_LIBRARY_DIR)/Frameworks\"",
				);
				GCC_PRECOMPILE_PREFIX_HEADER = YES;
				GCC_PREFIX_HEADER = "WeatherApp_iPhone/WeatherApp_iPhone-Prefix.pch";
				INFOPLIST_FILE = "WeatherApp_iPhoneTests/WeatherApp_iPhoneTests-Info.plist";
				PRODUCT_NAME = "$(TARGET_NAME)";
				TEST_HOST = "$(BUNDLE_LOADER)";
				WRAPPER_EXTENSION = octest;
			};
			name = Debug;
		};
		4CD11A8316F7A15000FC5FB4 /* Release */ = {
			isa = XCBuildConfiguration;
			buildSettings = {
				BUNDLE_LOADER = "$(BUILT_PRODUCTS_DIR)/WeatherApp_iPhone.app/WeatherApp_iPhone";
				FRAMEWORK_SEARCH_PATHS = (
					"\"$(SDKROOT)/Developer/Library/Frameworks\"",
					"\"$(DEVELOPER_LIBRARY_DIR)/Frameworks\"",
				);
				GCC_PRECOMPILE_PREFIX_HEADER = YES;
				GCC_PREFIX_HEADER = "WeatherApp_iPhone/WeatherApp_iPhone-Prefix.pch";
				INFOPLIST_FILE = "WeatherApp_iPhoneTests/WeatherApp_iPhoneTests-Info.plist";
				PRODUCT_NAME = "$(TARGET_NAME)";
				TEST_HOST = "$(BUNDLE_LOADER)";
				WRAPPER_EXTENSION = octest;
			};
			name = Release;
		};
/* End XCBuildConfiguration section */

/* Begin XCConfigurationList section */
		4CD11A4116F7A15000FC5FB4 /* Build configuration list for PBXProject "WeatherApp_iPhone" */ = {
			isa = XCConfigurationList;
			buildConfigurations = (
				4CD11A7C16F7A15000FC5FB4 /* Debug */,
				4CD11A7D16F7A15000FC5FB4 /* Release */,
			);
			defaultConfigurationIsVisible = 0;
			defaultConfigurationName = Release;
		};
		4CD11A7E16F7A15000FC5FB4 /* Build configuration list for PBXNativeTarget "WeatherApp_iPhone" */ = {
			isa = XCConfigurationList;
			buildConfigurations = (
				4CD11A7F16F7A15000FC5FB4 /* Debug */,
				4CD11A8016F7A15000FC5FB4 /* Release */,
			);
			defaultConfigurationIsVisible = 0;
			defaultConfigurationName = Release;
		};
		4CD11A8116F7A15000FC5FB4 /* Build configuration list for PBXNativeTarget "WeatherApp_iPhoneTests" */ = {
			isa = XCConfigurationList;
			buildConfigurations = (
				4CD11A8216F7A15000FC5FB4 /* Debug */,
				4CD11A8316F7A15000FC5FB4 /* Release */,
			);
			defaultConfigurationIsVisible = 0;
			defaultConfigurationName = Release;
		};
/* End XCConfigurationList section */
	};
	rootObject = 4CD11A3E16F7A15000FC5FB4 /* Project object */;
}
